<?xml version="1.0" encoding="utf-8"?>
<Project ToolsVersion="4.0" xmlns="http://schemas.microsoft.com/developer/msbuild/2003">
  <ItemGroup>
    <ClCompile Include="main.cpp" />
  </ItemGroup>
  <ItemGroup>
    <CustomBuild Include="noise.ispc" />
    <CustomBuild Include="simple.ispc" />
    <CustomBuild Include="mandelbrot.ispc" />
    <CustomBuild Include="volume.ispc" />
  </ItemGroup>
  <ItemGroup>
    <ClInclude Include="spmd_avx2-i32x8.h" />
  </ItemGroup>
</Project>